
Microsoft Visual Studio Solution File, Format Version 12.00
# Visual Studio 15
VisualStudioVersion = 15.0.27004.2005
MinimumVisualStudioVersion = 10.0.40219.1
Project("{8BC9CEB8-8B4A-11D0-8D11-00A0C91BC942}") = "pic10chw1application", "pic10chw1application\pic10chw1application.vcxproj", "{569B39F6-A124-4312-A850-0EE771DD7BBB}"
EndProject
Global
	GlobalSection(SolutionConfigurationPlatforms) = preSolution
		Debug|x64 = Debug|x64
		Debug|x86 = Debug|x86
		Release|x64 = Release|x64
		Release|x86 = Release|x86
	EndGlobalSection
	GlobalSection(ProjectConfigurationPlatforms) = postSolution
		{569B39F6-A124-4312-A850-0EE771DD7BBB}.Debug|x64.ActiveCfg = Debug|x64
		{569B39F6-A124-4312-A850-0EE771DD7BBB}.Debug|x64.Build.0 = Debug|x64
		{569B39F6-A124-4312-A850-0EE771DD7BBB}.Debug|x86.ActiveCfg = Debug|Win32
		{569B39F6-A124-4312-A850-0EE771DD7BBB}.Debug|x86.Build.0 = Debug|Win32
		{569B39F6-A124-4312-A850-0EE771DD7BBB}.Release|x64.ActiveCfg = Release|x64
		{569B39F6-A124-4312-A850-0EE771DD7BBB}.Release|x64.Build.0 = Release|x64
		{569B39F6-A124-4312-A850-0EE771DD7BBB}.Release|x86.ActiveCfg = Release|Win32
		{569B39F6-A124-4312-A850-0EE771DD7BBB}.Release|x86.Build.0 = Release|Win32
	EndGlobalSection
	GlobalSection(SolutionProperties) = preSolution
		HideSolutionNode = FALSE
	EndGlobalSection
	GlobalSection(ExtensibilityGlobals) = postSolution
		SolutionGuid = {2C8846D5-6C16-4684-B01D-A3374B5A3963}
	EndGlobalSection
EndGlobal
